<?xml version="1.0" encoding="utf-8"?>
<Project ToolsVersion="4.0" xmlns="http://schemas.microsoft.com/developer/msbuild/2003">
  <ItemGroup>
    <Filter Include="Source Files">
      <UniqueIdentifier>{4FC737F1-C7A5-4376-A066-2A32D752A2FF}</UniqueIdentifier>
      <Extensions>cpp;c;cc;cxx;c++;cppm;ixx;def;odl;idl;hpj;bat;asm;asmx</Extensions>
    </Filter>
    <Filter Include="Header Files">
      <UniqueIdentifier>{93995380-89BD-4b04-88EB-625FBE52EBFB}</UniqueIdentifier>
      <Extensions>h;hh;hpp;hxx;h++;hm;inl;inc;ipp;xsd</Extensions>
    </Filter>
    <Filter Include="Resource Files">
      <UniqueIdentifier>{67DA6AB6-F800-4c08-8B7A-83BB121AAD01}</UniqueIdentifier>
      <Extensions>rc;ico;cur;bmp;dlg;rc2;rct;bin;rgs;gif;jpg;jpeg;jpe;resx;tiff;tif;png;wav;mfcribbon-ms</Extensions>
    </Filter>
    <Filter Include="Header Files\PressedImage">
      <UniqueIdentifier>{3240a290-380a-4cd6-877b-897a7e79ecf7}</UniqueIdentifier>
    </Filter>
  </ItemGroup>
  <ItemGroup>
    <Image Include="Image\PressImage\down.bmp">
      <Filter>Resource Files</Filter>
    </Image>
    <Image Include="Image\PressImage\left.bmp">
      <Filter>Resource Files</Filter>
    </Image>
    <Image Include="Image\PressImage\press.bmp">
      <Filter>Resource Files</Filter>
    </Image>
    <Image Include="Image\PressImage\right.bmp">
      <Filter>Resource Files</Filter>
    </Image>
    <Image Include="Image\PressImage\up.bmp">
      <Filter>Resource Files</Filter>
    </Image>
    <Image Include="Image\HelloImage\hello_world.bmp">
      <Filter>Resource Files</Filter>
    </Image>
    <Image Include="Image\PressImage\stretch.bmp">
      <Filter>Resource Files</Filter>
    </Image>
    <Image Include="Image\Png\loaded.png">
      <Filter>Resource Files</Filter>
    </Image>
    <Image Include="Image\Texture\texture.png">
      <Filter>Resource Files</Filter>
    </Image>
    <Image Include="Image\ColorKeying\background.png">
      <Filter>Resource Files</Filter>
    </Image>
    <Image Include="Image\ColorKeying\foo.png">
      <Filter>Resource Files</Filter>
    </Image>
    <Image Include="Image\ClipRendering\dots.png">
      <Filter>Resource Files</Filter>
    </Image>
    <Image Include="Image\color_modulation\colors.png">
      <Filter>Resource Files</Filter>
    </Image>
  </ItemGroup>
  <ItemGroup>
    <ClCompile Include="Code\Image.cpp">
      <Filter>Source Files</Filter>
    </ClCompile>
    <ClCompile Include="Code\rendering_and_texture.cpp">
      <Filter>Source Files</Filter>
    </ClCompile>
    <ClCompile Include="Code\press_key.cpp">
      <Filter>Source Files</Filter>
    </ClCompile>
    <ClCompile Include="Code\png_image.cpp">
      <Filter>Source Files</Filter>
    </ClCompile>
    <ClCompile Include="Code\geometry_redering.cpp">
      <Filter>Source Files</Filter>
    </ClCompile>
    <ClCompile Include="Code\color_keying.cpp">
      <Filter>Source Files</Filter>
    </ClCompile>
    <ClCompile Include="Code\clip_rendering.cpp">
      <Filter>Source Files</Filter>
    </ClCompile>
    <ClCompile Include="Code\color_modulation.cpp">
      <Filter>Source Files</Filter>
    </ClCompile>
  </ItemGroup>
</Project>